
Microsoft Visual Studio Solution File, Format Version 12.00
# Visual Studio Version 16
VisualStudioVersion = 16.0.31702.278
MinimumVisualStudioVersion = 10.0.40219.1
Project("{9A19103F-16F7-4668-BE54-9A1E7A4F7556}") = "Storage.API", "StorageAPI\Storage.API.csproj", "{7B4EE373-231A-41DC-90B0-9E69E0412A47}"
EndProject
Project("{9A19103F-16F7-4668-BE54-9A1E7A4F7556}") = "Storage.Models", "StorageModels\Storage.Models.csproj", "{9A8E0EEC-5423-4E5C-85BC-FECC64E573A4}"
EndProject
Project("{9A19103F-16F7-4668-BE54-9A1E7A4F7556}") = "Storage.API.Tests", "StorageAPI.Tests\Storage.API.Tests.csproj", "{3F33E6B0-93BD-4543-9B1D-F3F106F61A60}"
EndProject
Global
	GlobalSection(SolutionConfigurationPlatforms) = preSolution
		Debug|Any CPU = Debug|Any CPU
		Release|Any CPU = Release|Any CPU
	EndGlobalSection
	GlobalSection(ProjectConfigurationPlatforms) = postSolution
		{7B4EE373-231A-41DC-90B0-9E69E0412A47}.Debug|Any CPU.ActiveCfg = Debug|Any CPU
		{7B4EE373-231A-41DC-90B0-9E69E0412A47}.Debug|Any CPU.Build.0 = Debug|Any CPU
		{7B4EE373-231A-41DC-90B0-9E69E0412A47}.Release|Any CPU.ActiveCfg = Release|Any CPU
		{7B4EE373-231A-41DC-90B0-9E69E0412A47}.Release|Any CPU.Build.0 = Release|Any CPU
		{9A8E0EEC-5423-4E5C-85BC-FECC64E573A4}.Debug|Any CPU.ActiveCfg = Debug|Any CPU
		{9A8E0EEC-5423-4E5C-85BC-FECC64E573A4}.Debug|Any CPU.Build.0 = Debug|Any CPU
		{9A8E0EEC-5423-4E5C-85BC-FECC64E573A4}.Release|Any CPU.ActiveCfg = Release|Any CPU
		{9A8E0EEC-5423-4E5C-85BC-FECC64E573A4}.Release|Any CPU.Build.0 = Release|Any CPU
		{3F33E6B0-93BD-4543-9B1D-F3F106F61A60}.Debug|Any CPU.ActiveCfg = Debug|Any CPU
		{3F33E6B0-93BD-4543-9B1D-F3F106F61A60}.Debug|Any CPU.Build.0 = Debug|Any CPU
		{3F33E6B0-93BD-4543-9B1D-F3F106F61A60}.Release|Any CPU.ActiveCfg = Release|Any CPU
		{3F33E6B0-93BD-4543-9B1D-F3F106F61A60}.Release|Any CPU.Build.0 = Release|Any CPU
	EndGlobalSection
	GlobalSection(SolutionProperties) = preSolution
		HideSolutionNode = FALSE
	EndGlobalSection
	GlobalSection(ExtensibilityGlobals) = postSolution
		SolutionGuid = {8C617300-335A-44D3-82AF-170A50B50307}
	EndGlobalSection
EndGlobal
